{
  "name": "@fh/utils",
  "version": "1.0.2",
  "lockfileVersion": 2,
  "requires": true,
  "packages": {
    "": {
      "name": "@fh/utils",
      "version": "1.0.2",
      "license": "ISC",
      "dependencies": {
        "dayjs": "^1.11.7",
        "FH-infrastructure-engineering": "^0.0.2"
      },
      "devDependencies": {
        "@types/lodash": "^4.14.191"
      }
    },
    "../../node_modules/.pnpm/dayjs@1.11.7/node_modules/dayjs": {
      "version": "1.11.7",
      "license": "MIT",
      "devDependencies": {
        "@babel/cli": "^7.0.0-beta.44",
        "@babel/core": "^7.0.0-beta.44",
        "@babel/node": "^7.0.0-beta.44",
        "@babel/preset-env": "^7.0.0-beta.44",
        "babel-core": "^7.0.0-bridge.0",
        "babel-jest": "^22.4.3",
        "babel-plugin-external-helpers": "^6.22.0",
        "cross-env": "^5.1.6",
        "eslint": "^4.19.1",
        "eslint-config-airbnb-base": "^12.1.0",
        "eslint-plugin-import": "^2.10.0",
        "eslint-plugin-jest": "^21.15.0",
        "gzip-size-cli": "^2.1.0",
        "jasmine-core": "^2.99.1",
        "jest": "^22.4.3",
        "karma": "^2.0.2",
        "karma-jasmine": "^1.1.2",
        "karma-sauce-launcher": "^1.1.0",
        "mockdate": "^2.0.2",
        "moment": "2.29.2",
        "moment-timezone": "0.5.31",
        "ncp": "^2.0.0",
        "pre-commit": "^1.2.2",
        "prettier": "^1.16.1",
        "rollup": "^2.45.1",
        "rollup-plugin-babel": "^4.4.0",
        "rollup-plugin-terser": "^7.0.2",
        "size-limit": "^0.18.0",
        "typescript": "^2.8.3"
      }
    },
    "../../node_modules/.pnpm/FH-infrastructure-engineering@0.0.2_fwcv6l6dbltqn3aje4qqatxbsy/node_modules/FH-infrastructure-engineering": {
      "version": "0.0.2",
      "license": "ISC",
      "devDependencies": {
        "@rollup/plugin-commonjs": "^24.0.1",
        "@rollup/plugin-node-resolve": "^15.0.1",
        "@rollup/plugin-typescript": "^11.0.0",
        "@typescript-eslint/eslint-plugin": "^5.0.0",
        "eslint": "^8.33.0",
        "eslint-config-standard-with-typescript": "^34.0.0",
        "eslint-plugin-import": "^2.25.2",
        "eslint-plugin-n": "^15.0.0",
        "eslint-plugin-promise": "^6.0.0",
        "rollup": "^3.12.0",
        "typescript": "^4.9.5"
      }
    },
    "node_modules/@types/lodash": {
      "version": "4.14.191",
      "resolved": "https://registry.npmmirror.com/@types/lodash/-/lodash-4.14.191.tgz",
      "integrity": "sha512-BdZ5BCCvho3EIXw6wUCXHe7rS53AIDPLE+JzwgT+OsJk53oBfbSmZZ7CX4VaRoN78N+TJpFi9QPlfIVNmJYWxQ==",
      "dev": true
    },
    "node_modules/dayjs": {
      "resolved": "../../node_modules/.pnpm/dayjs@1.11.7/node_modules/dayjs",
      "link": true
    },
    "node_modules/FH-infrastructure-engineering": {
      "resolved": "../../node_modules/.pnpm/FH-infrastructure-engineering@0.0.2_fwcv6l6dbltqn3aje4qqatxbsy/node_modules/FH-infrastructure-engineering",
      "link": true
    }
  },
  "dependencies": {
    "@types/lodash": {
      "version": "4.14.191",
      "resolved": "https://registry.npmmirror.com/@types/lodash/-/lodash-4.14.191.tgz",
      "integrity": "sha512-BdZ5BCCvho3EIXw6wUCXHe7rS53AIDPLE+JzwgT+OsJk53oBfbSmZZ7CX4VaRoN78N+TJpFi9QPlfIVNmJYWxQ==",
      "dev": true
    },
    "dayjs": {
      "version": "file:../../node_modules/.pnpm/dayjs@1.11.7/node_modules/dayjs",
      "requires": {
        "@babel/cli": "^7.0.0-beta.44",
        "@babel/core": "^7.0.0-beta.44",
        "@babel/node": "^7.0.0-beta.44",
        "@babel/preset-env": "^7.0.0-beta.44",
        "babel-core": "^7.0.0-bridge.0",
        "babel-jest": "^22.4.3",
        "babel-plugin-external-helpers": "^6.22.0",
        "cross-env": "^5.1.6",
        "eslint": "^4.19.1",
        "eslint-config-airbnb-base": "^12.1.0",
        "eslint-plugin-import": "^2.10.0",
        "eslint-plugin-jest": "^21.15.0",
        "gzip-size-cli": "^2.1.0",
        "jasmine-core": "^2.99.1",
        "jest": "^22.4.3",
        "karma": "^2.0.2",
        "karma-jasmine": "^1.1.2",
        "karma-sauce-launcher": "^1.1.0",
        "mockdate": "^2.0.2",
        "moment": "2.29.2",
        "moment-timezone": "0.5.31",
        "ncp": "^2.0.0",
        "pre-commit": "^1.2.2",
        "prettier": "^1.16.1",
        "rollup": "^2.45.1",
        "rollup-plugin-babel": "^4.4.0",
        "rollup-plugin-terser": "^7.0.2",
        "size-limit": "^0.18.0",
        "typescript": "^2.8.3"
      }
    },
    "FH-infrastructure-engineering": {
      "version": "file:../../node_modules/.pnpm/FH-infrastructure-engineering@0.0.2_fwcv6l6dbltqn3aje4qqatxbsy/node_modules/FH-infrastructure-engineering",
      "requires": {
        "@rollup/plugin-commonjs": "^24.0.1",
        "@rollup/plugin-node-resolve": "^15.0.1",
        "@rollup/plugin-typescript": "^11.0.0",
        "@typescript-eslint/eslint-plugin": "^5.0.0",
        "eslint": "^8.33.0",
        "eslint-config-standard-with-typescript": "^34.0.0",
        "eslint-plugin-import": "^2.25.2",
        "eslint-plugin-n": "^15.0.0",
        "eslint-plugin-promise": "^6.0.0",
        "rollup": "^3.12.0",
        "typescript": "^4.9.5"
      }
    }
  }
}
